
Microsoft Visual Studio Solution File, Format Version 12.00
# Visual Studio Version 17
VisualStudioVersion = 17.3.32929.385
MinimumVisualStudioVersion = 10.0.40219.1
Project("{9A19103F-16F7-4668-BE54-9A1E7A4F7556}") = "BibleVerseLookupApp", "BibleVerseLookupApp\BibleVerseLookupApp.csproj", "{C9D0AA7A-11B4-416A-AD05-113ABDE2D978}"
EndProject
Project("{9A19103F-16F7-4668-BE54-9A1E7A4F7556}") = "WeeknoteBuilder", "WeeknoteBuilder\WeeknoteBuilder.csproj", "{6E19F2A9-29D7-4E18-B6A1-F67ABC2A73B8}"
EndProject
Project("{9A19103F-16F7-4668-BE54-9A1E7A4F7556}") = "PhraseHelperApi", "PhraseHelperApi\PhraseHelperApi.csproj", "{4948D98D-FC77-4DAD-BA7A-D43D040C94B2}"
EndProject
Project("{2150E333-8FDC-42A3-9474-1A3956D46DE8}") = "Solution Items", "Solution Items", "{DF1BA43D-68DC-43A3-BB4F-6D002D04B012}"
	ProjectSection(SolutionItems) = preProject
		.editorconfig = .editorconfig
	EndProjectSection
EndProject
Project("{9A19103F-16F7-4668-BE54-9A1E7A4F7556}") = "LifeQuotesRecorder", "LifeQuotesRecorder\LifeQuotesRecorder.csproj", "{5E60E521-45FB-4FE3-AB72-BA8C8AF7FD68}"
EndProject
Project("{888888A0-9F3D-457C-B088-3A5042F75D52}") = "TextOCR", "TextOCR\TextOCR.pyproj", "{614EE090-2702-4765-99D7-37148EDE987F}"
EndProject
Project("{9A19103F-16F7-4668-BE54-9A1E7A4F7556}") = "MemoryCube", "MemoryCube\MemoryCube.csproj", "{DAEBFC3B-D184-4F04-BB52-08BFBEC0C527}"
EndProject
Project("{888888A0-9F3D-457C-B088-3A5042F75D52}") = "AudioWriter", "AudioWriter\AudioWriter.pyproj", "{35658F85-0626-44F7-AB29-C3EBA9C016FC}"
EndProject
Project("{9A19103F-16F7-4668-BE54-9A1E7A4F7556}") = "SrtCleaner", "SrtCleaner\SrtCleaner.csproj", "{C7BBCEC7-E410-4C30-9D99-967DD173D75A}"
EndProject
Project("{9A19103F-16F7-4668-BE54-9A1E7A4F7556}") = "TextReplacer", "TextReplacer\TextReplacer.csproj", "{CA81206D-8E93-44EA-BC1A-8998401524E0}"
EndProject
Project("{2150E333-8FDC-42A3-9474-1A3956D46DE8}") = "解决方案项", "解决方案项", "{D3729B8D-9E22-455B-8422-4F88D0408F79}"
	ProjectSection(SolutionItems) = preProject
		CHANGELOG.md = CHANGELOG.md
	EndProjectSection
EndProject
Project("{9A19103F-16F7-4668-BE54-9A1E7A4F7556}") = "VerseNotesMaker", "VerseNotesMaker\VerseNotesMaker.csproj", "{75715B47-43E8-4F52-B2AD-9834B8FB1B90}"
EndProject
Project("{FAE04EC0-301F-11D3-BF4B-00C04F79EFBC}") = "AutoFileDownloader", "AutoFileDownloader\AutoFileDownloader.csproj", "{F0E1CC9D-02CF-4635-8B36-04F82939F95F}"
EndProject
Project("{FAE04EC0-301F-11D3-BF4B-00C04F79EFBC}") = "AutoMediaConvert", "AutoMediaConvert\AutoMediaConvert.csproj", "{72E54123-AF40-444D-95BB-3BE37DCB77E9}"
EndProject
Project("{888888A0-9F3D-457C-B088-3A5042F75D52}") = "LetterVideoMaker", "LetterVideoMaker\LetterVideoMaker.pyproj", "{CBD0D7A5-7BBC-44A0-A8D4-40AD3AB46AAE}"
EndProject
Project("{FAE04EC0-301F-11D3-BF4B-00C04F79EFBC}") = "AutoFileDownloaderApp", "AutoFileDownloaderApp\AutoFileDownloaderApp.csproj", "{6955A9FD-CD24-4F3B-981E-69A6594134CC}"
EndProject
Project("{FAE04EC0-301F-11D3-BF4B-00C04F79EFBC}") = "ArticlePromptCrafter", "ArticlePromptCrafter\ArticlePromptCrafter.csproj", "{ADEB4053-D6B3-477B-840A-6921E97DA12F}"
EndProject
Project("{FAE04EC0-301F-11D3-BF4B-00C04F79EFBC}") = "VideoFetchApp", "VideoFetchApp\VideoFetchApp.csproj", "{98428EAA-076F-478B-9D68-029800DDEED1}"
EndProject
Project("{FAE04EC0-301F-11D3-BF4B-00C04F79EFBC}") = "AutoMediaConvert.WPF", "AutoMediaConvert.WPF\AutoMediaConvert.WPF.csproj", "{22ECBD43-6FD7-45B8-A99A-A2D7ADFEC3F8}"
EndProject
Project("{FAE04EC0-301F-11D3-BF4B-00C04F79EFBC}") = "AutoVideoClipper.WPF", "AutoVideoClipper.WPF\AutoVideoClipper.WPF.csproj", "{A27FE3CF-7F95-44F7-B7BD-C3DDFA0060BC}"
EndProject
Project("{FAE04EC0-301F-11D3-BF4B-00C04F79EFBC}") = "MannaGreatSupperDownloader.WPF", "MannaGreatSupperDownloader.WPF\MannaGreatSupperDownloader.WPF.csproj", "{C0A66A5B-EBCF-40CA-949F-17C5C8C9871C}"
EndProject
Project("{FAE04EC0-301F-11D3-BF4B-00C04F79EFBC}") = "ImageGroupDownloader.WPF", "ImageGroupDownloader.WPF\ImageGroupDownloader.WPF.csproj", "{36734520-1B9D-441B-AA3F-C2328AFE5313}"
EndProject
Global
	GlobalSection(SolutionConfigurationPlatforms) = preSolution
		Debug|Any CPU = Debug|Any CPU
		Debug|ARM64 = Debug|ARM64
		Debug|x64 = Debug|x64
		Debug|x86 = Debug|x86
		Release|Any CPU = Release|Any CPU
		Release|ARM64 = Release|ARM64
		Release|x64 = Release|x64
		Release|x86 = Release|x86
	EndGlobalSection
	GlobalSection(ProjectConfigurationPlatforms) = postSolution
		{C9D0AA7A-11B4-416A-AD05-113ABDE2D978}.Debug|Any CPU.ActiveCfg = Debug|Any CPU
		{C9D0AA7A-11B4-416A-AD05-113ABDE2D978}.Debug|Any CPU.Build.0 = Debug|Any CPU
		{C9D0AA7A-11B4-416A-AD05-113ABDE2D978}.Debug|ARM64.ActiveCfg = Debug|Any CPU
		{C9D0AA7A-11B4-416A-AD05-113ABDE2D978}.Debug|ARM64.Build.0 = Debug|Any CPU
		{C9D0AA7A-11B4-416A-AD05-113ABDE2D978}.Debug|x64.ActiveCfg = Debug|Any CPU
		{C9D0AA7A-11B4-416A-AD05-113ABDE2D978}.Debug|x64.Build.0 = Debug|Any CPU
		{C9D0AA7A-11B4-416A-AD05-113ABDE2D978}.Debug|x86.ActiveCfg = Debug|Any CPU
		{C9D0AA7A-11B4-416A-AD05-113ABDE2D978}.Debug|x86.Build.0 = Debug|Any CPU
		{C9D0AA7A-11B4-416A-AD05-113ABDE2D978}.Release|Any CPU.ActiveCfg = Release|Any CPU
		{C9D0AA7A-11B4-416A-AD05-113ABDE2D978}.Release|Any CPU.Build.0 = Release|Any CPU
		{C9D0AA7A-11B4-416A-AD05-113ABDE2D978}.Release|ARM64.ActiveCfg = Release|Any CPU
		{C9D0AA7A-11B4-416A-AD05-113ABDE2D978}.Release|ARM64.Build.0 = Release|Any CPU
		{C9D0AA7A-11B4-416A-AD05-113ABDE2D978}.Release|x64.ActiveCfg = Release|Any CPU
		{C9D0AA7A-11B4-416A-AD05-113ABDE2D978}.Release|x64.Build.0 = Release|Any CPU
		{C9D0AA7A-11B4-416A-AD05-113ABDE2D978}.Release|x86.ActiveCfg = Release|Any CPU
		{C9D0AA7A-11B4-416A-AD05-113ABDE2D978}.Release|x86.Build.0 = Release|Any CPU
		{6E19F2A9-29D7-4E18-B6A1-F67ABC2A73B8}.Debug|Any CPU.ActiveCfg = Debug|Any CPU
		{6E19F2A9-29D7-4E18-B6A1-F67ABC2A73B8}.Debug|Any CPU.Build.0 = Debug|Any CPU
		{6E19F2A9-29D7-4E18-B6A1-F67ABC2A73B8}.Debug|ARM64.ActiveCfg = Debug|Any CPU
		{6E19F2A9-29D7-4E18-B6A1-F67ABC2A73B8}.Debug|ARM64.Build.0 = Debug|Any CPU
		{6E19F2A9-29D7-4E18-B6A1-F67ABC2A73B8}.Debug|x64.ActiveCfg = Debug|Any CPU
		{6E19F2A9-29D7-4E18-B6A1-F67ABC2A73B8}.Debug|x64.Build.0 = Debug|Any CPU
		{6E19F2A9-29D7-4E18-B6A1-F67ABC2A73B8}.Debug|x86.ActiveCfg = Debug|Any CPU
		{6E19F2A9-29D7-4E18-B6A1-F67ABC2A73B8}.Debug|x86.Build.0 = Debug|Any CPU
		{6E19F2A9-29D7-4E18-B6A1-F67ABC2A73B8}.Release|Any CPU.ActiveCfg = Release|Any CPU
		{6E19F2A9-29D7-4E18-B6A1-F67ABC2A73B8}.Release|Any CPU.Build.0 = Release|Any CPU
		{6E19F2A9-29D7-4E18-B6A1-F67ABC2A73B8}.Release|ARM64.ActiveCfg = Release|Any CPU
		{6E19F2A9-29D7-4E18-B6A1-F67ABC2A73B8}.Release|ARM64.Build.0 = Release|Any CPU
		{6E19F2A9-29D7-4E18-B6A1-F67ABC2A73B8}.Release|x64.ActiveCfg = Release|Any CPU
		{6E19F2A9-29D7-4E18-B6A1-F67ABC2A73B8}.Release|x64.Build.0 = Release|Any CPU
		{6E19F2A9-29D7-4E18-B6A1-F67ABC2A73B8}.Release|x86.ActiveCfg = Release|Any CPU
		{6E19F2A9-29D7-4E18-B6A1-F67ABC2A73B8}.Release|x86.Build.0 = Release|Any CPU
		{4948D98D-FC77-4DAD-BA7A-D43D040C94B2}.Debug|Any CPU.ActiveCfg = Debug|Any CPU
		{4948D98D-FC77-4DAD-BA7A-D43D040C94B2}.Debug|Any CPU.Build.0 = Debug|Any CPU
		{4948D98D-FC77-4DAD-BA7A-D43D040C94B2}.Debug|ARM64.ActiveCfg = Debug|Any CPU
		{4948D98D-FC77-4DAD-BA7A-D43D040C94B2}.Debug|ARM64.Build.0 = Debug|Any CPU
		{4948D98D-FC77-4DAD-BA7A-D43D040C94B2}.Debug|x64.ActiveCfg = Debug|Any CPU
		{4948D98D-FC77-4DAD-BA7A-D43D040C94B2}.Debug|x64.Build.0 = Debug|Any CPU
		{4948D98D-FC77-4DAD-BA7A-D43D040C94B2}.Debug|x86.ActiveCfg = Debug|Any CPU
		{4948D98D-FC77-4DAD-BA7A-D43D040C94B2}.Debug|x86.Build.0 = Debug|Any CPU
		{4948D98D-FC77-4DAD-BA7A-D43D040C94B2}.Release|Any CPU.ActiveCfg = Release|Any CPU
		{4948D98D-FC77-4DAD-BA7A-D43D040C94B2}.Release|Any CPU.Build.0 = Release|Any CPU
		{4948D98D-FC77-4DAD-BA7A-D43D040C94B2}.Release|ARM64.ActiveCfg = Release|Any CPU
		{4948D98D-FC77-4DAD-BA7A-D43D040C94B2}.Release|ARM64.Build.0 = Release|Any CPU
		{4948D98D-FC77-4DAD-BA7A-D43D040C94B2}.Release|x64.ActiveCfg = Release|Any CPU
		{4948D98D-FC77-4DAD-BA7A-D43D040C94B2}.Release|x64.Build.0 = Release|Any CPU
		{4948D98D-FC77-4DAD-BA7A-D43D040C94B2}.Release|x86.ActiveCfg = Release|Any CPU
		{4948D98D-FC77-4DAD-BA7A-D43D040C94B2}.Release|x86.Build.0 = Release|Any CPU
		{5E60E521-45FB-4FE3-AB72-BA8C8AF7FD68}.Debug|Any CPU.ActiveCfg = Debug|Any CPU
		{5E60E521-45FB-4FE3-AB72-BA8C8AF7FD68}.Debug|Any CPU.Build.0 = Debug|Any CPU
		{5E60E521-45FB-4FE3-AB72-BA8C8AF7FD68}.Debug|ARM64.ActiveCfg = Debug|Any CPU
		{5E60E521-45FB-4FE3-AB72-BA8C8AF7FD68}.Debug|ARM64.Build.0 = Debug|Any CPU
		{5E60E521-45FB-4FE3-AB72-BA8C8AF7FD68}.Debug|x64.ActiveCfg = Debug|Any CPU
		{5E60E521-45FB-4FE3-AB72-BA8C8AF7FD68}.Debug|x64.Build.0 = Debug|Any CPU
		{5E60E521-45FB-4FE3-AB72-BA8C8AF7FD68}.Debug|x86.ActiveCfg = Debug|Any CPU
		{5E60E521-45FB-4FE3-AB72-BA8C8AF7FD68}.Debug|x86.Build.0 = Debug|Any CPU
		{5E60E521-45FB-4FE3-AB72-BA8C8AF7FD68}.Release|Any CPU.ActiveCfg = Release|Any CPU
		{5E60E521-45FB-4FE3-AB72-BA8C8AF7FD68}.Release|Any CPU.Build.0 = Release|Any CPU
		{5E60E521-45FB-4FE3-AB72-BA8C8AF7FD68}.Release|ARM64.ActiveCfg = Release|Any CPU
		{5E60E521-45FB-4FE3-AB72-BA8C8AF7FD68}.Release|ARM64.Build.0 = Release|Any CPU
		{5E60E521-45FB-4FE3-AB72-BA8C8AF7FD68}.Release|x64.ActiveCfg = Release|Any CPU
		{5E60E521-45FB-4FE3-AB72-BA8C8AF7FD68}.Release|x64.Build.0 = Release|Any CPU
		{5E60E521-45FB-4FE3-AB72-BA8C8AF7FD68}.Release|x86.ActiveCfg = Release|Any CPU
		{5E60E521-45FB-4FE3-AB72-BA8C8AF7FD68}.Release|x86.Build.0 = Release|Any CPU
		{614EE090-2702-4765-99D7-37148EDE987F}.Debug|Any CPU.ActiveCfg = Debug|Any CPU
		{614EE090-2702-4765-99D7-37148EDE987F}.Debug|ARM64.ActiveCfg = Debug|Any CPU
		{614EE090-2702-4765-99D7-37148EDE987F}.Debug|x64.ActiveCfg = Debug|Any CPU
		{614EE090-2702-4765-99D7-37148EDE987F}.Debug|x86.ActiveCfg = Debug|Any CPU
		{614EE090-2702-4765-99D7-37148EDE987F}.Release|Any CPU.ActiveCfg = Release|Any CPU
		{614EE090-2702-4765-99D7-37148EDE987F}.Release|ARM64.ActiveCfg = Release|Any CPU
		{614EE090-2702-4765-99D7-37148EDE987F}.Release|x64.ActiveCfg = Release|Any CPU
		{614EE090-2702-4765-99D7-37148EDE987F}.Release|x86.ActiveCfg = Release|Any CPU
		{DAEBFC3B-D184-4F04-BB52-08BFBEC0C527}.Debug|Any CPU.ActiveCfg = Debug|Any CPU
		{DAEBFC3B-D184-4F04-BB52-08BFBEC0C527}.Debug|Any CPU.Build.0 = Debug|Any CPU
		{DAEBFC3B-D184-4F04-BB52-08BFBEC0C527}.Debug|ARM64.ActiveCfg = Debug|Any CPU
		{DAEBFC3B-D184-4F04-BB52-08BFBEC0C527}.Debug|ARM64.Build.0 = Debug|Any CPU
		{DAEBFC3B-D184-4F04-BB52-08BFBEC0C527}.Debug|x64.ActiveCfg = Debug|Any CPU
		{DAEBFC3B-D184-4F04-BB52-08BFBEC0C527}.Debug|x64.Build.0 = Debug|Any CPU
		{DAEBFC3B-D184-4F04-BB52-08BFBEC0C527}.Debug|x86.ActiveCfg = Debug|Any CPU
		{DAEBFC3B-D184-4F04-BB52-08BFBEC0C527}.Debug|x86.Build.0 = Debug|Any CPU
		{DAEBFC3B-D184-4F04-BB52-08BFBEC0C527}.Release|Any CPU.ActiveCfg = Release|Any CPU
		{DAEBFC3B-D184-4F04-BB52-08BFBEC0C527}.Release|Any CPU.Build.0 = Release|Any CPU
		{DAEBFC3B-D184-4F04-BB52-08BFBEC0C527}.Release|ARM64.ActiveCfg = Release|Any CPU
		{DAEBFC3B-D184-4F04-BB52-08BFBEC0C527}.Release|ARM64.Build.0 = Release|Any CPU
		{DAEBFC3B-D184-4F04-BB52-08BFBEC0C527}.Release|x64.ActiveCfg = Release|Any CPU
		{DAEBFC3B-D184-4F04-BB52-08BFBEC0C527}.Release|x64.Build.0 = Release|Any CPU
		{DAEBFC3B-D184-4F04-BB52-08BFBEC0C527}.Release|x86.ActiveCfg = Release|Any CPU
		{DAEBFC3B-D184-4F04-BB52-08BFBEC0C527}.Release|x86.Build.0 = Release|Any CPU
		{35658F85-0626-44F7-AB29-C3EBA9C016FC}.Debug|Any CPU.ActiveCfg = Debug|Any CPU
		{35658F85-0626-44F7-AB29-C3EBA9C016FC}.Debug|ARM64.ActiveCfg = Debug|Any CPU
		{35658F85-0626-44F7-AB29-C3EBA9C016FC}.Debug|x64.ActiveCfg = Debug|Any CPU
		{35658F85-0626-44F7-AB29-C3EBA9C016FC}.Debug|x86.ActiveCfg = Debug|Any CPU
		{35658F85-0626-44F7-AB29-C3EBA9C016FC}.Release|Any CPU.ActiveCfg = Release|Any CPU
		{35658F85-0626-44F7-AB29-C3EBA9C016FC}.Release|ARM64.ActiveCfg = Release|Any CPU
		{35658F85-0626-44F7-AB29-C3EBA9C016FC}.Release|x64.ActiveCfg = Release|Any CPU
		{35658F85-0626-44F7-AB29-C3EBA9C016FC}.Release|x86.ActiveCfg = Release|Any CPU
		{C7BBCEC7-E410-4C30-9D99-967DD173D75A}.Debug|Any CPU.ActiveCfg = Debug|Any CPU
		{C7BBCEC7-E410-4C30-9D99-967DD173D75A}.Debug|Any CPU.Build.0 = Debug|Any CPU
		{C7BBCEC7-E410-4C30-9D99-967DD173D75A}.Debug|ARM64.ActiveCfg = Debug|Any CPU
		{C7BBCEC7-E410-4C30-9D99-967DD173D75A}.Debug|ARM64.Build.0 = Debug|Any CPU
		{C7BBCEC7-E410-4C30-9D99-967DD173D75A}.Debug|x64.ActiveCfg = Debug|Any CPU
		{C7BBCEC7-E410-4C30-9D99-967DD173D75A}.Debug|x64.Build.0 = Debug|Any CPU
		{C7BBCEC7-E410-4C30-9D99-967DD173D75A}.Debug|x86.ActiveCfg = Debug|Any CPU
		{C7BBCEC7-E410-4C30-9D99-967DD173D75A}.Debug|x86.Build.0 = Debug|Any CPU
		{C7BBCEC7-E410-4C30-9D99-967DD173D75A}.Release|Any CPU.ActiveCfg = Release|Any CPU
		{C7BBCEC7-E410-4C30-9D99-967DD173D75A}.Release|Any CPU.Build.0 = Release|Any CPU
		{C7BBCEC7-E410-4C30-9D99-967DD173D75A}.Release|ARM64.ActiveCfg = Release|Any CPU
		{C7BBCEC7-E410-4C30-9D99-967DD173D75A}.Release|ARM64.Build.0 = Release|Any CPU
		{C7BBCEC7-E410-4C30-9D99-967DD173D75A}.Release|x64.ActiveCfg = Release|Any CPU
		{C7BBCEC7-E410-4C30-9D99-967DD173D75A}.Release|x64.Build.0 = Release|Any CPU
		{C7BBCEC7-E410-4C30-9D99-967DD173D75A}.Release|x86.ActiveCfg = Release|Any CPU
		{C7BBCEC7-E410-4C30-9D99-967DD173D75A}.Release|x86.Build.0 = Release|Any CPU
		{CA81206D-8E93-44EA-BC1A-8998401524E0}.Debug|Any CPU.ActiveCfg = Debug|Any CPU
		{CA81206D-8E93-44EA-BC1A-8998401524E0}.Debug|Any CPU.Build.0 = Debug|Any CPU
		{CA81206D-8E93-44EA-BC1A-8998401524E0}.Debug|ARM64.ActiveCfg = Debug|Any CPU
		{CA81206D-8E93-44EA-BC1A-8998401524E0}.Debug|ARM64.Build.0 = Debug|Any CPU
		{CA81206D-8E93-44EA-BC1A-8998401524E0}.Debug|x64.ActiveCfg = Debug|Any CPU
		{CA81206D-8E93-44EA-BC1A-8998401524E0}.Debug|x64.Build.0 = Debug|Any CPU
		{CA81206D-8E93-44EA-BC1A-8998401524E0}.Debug|x86.ActiveCfg = Debug|Any CPU
		{CA81206D-8E93-44EA-BC1A-8998401524E0}.Debug|x86.Build.0 = Debug|Any CPU
		{CA81206D-8E93-44EA-BC1A-8998401524E0}.Release|Any CPU.ActiveCfg = Release|Any CPU
		{CA81206D-8E93-44EA-BC1A-8998401524E0}.Release|Any CPU.Build.0 = Release|Any CPU
		{CA81206D-8E93-44EA-BC1A-8998401524E0}.Release|ARM64.ActiveCfg = Release|Any CPU
		{CA81206D-8E93-44EA-BC1A-8998401524E0}.Release|ARM64.Build.0 = Release|Any CPU
		{CA81206D-8E93-44EA-BC1A-8998401524E0}.Release|x64.ActiveCfg = Release|Any CPU
		{CA81206D-8E93-44EA-BC1A-8998401524E0}.Release|x64.Build.0 = Release|Any CPU
		{CA81206D-8E93-44EA-BC1A-8998401524E0}.Release|x86.ActiveCfg = Release|Any CPU
		{CA81206D-8E93-44EA-BC1A-8998401524E0}.Release|x86.Build.0 = Release|Any CPU
		{75715B47-43E8-4F52-B2AD-9834B8FB1B90}.Debug|Any CPU.ActiveCfg = Debug|Any CPU
		{75715B47-43E8-4F52-B2AD-9834B8FB1B90}.Debug|Any CPU.Build.0 = Debug|Any CPU
		{75715B47-43E8-4F52-B2AD-9834B8FB1B90}.Debug|ARM64.ActiveCfg = Debug|Any CPU
		{75715B47-43E8-4F52-B2AD-9834B8FB1B90}.Debug|ARM64.Build.0 = Debug|Any CPU
		{75715B47-43E8-4F52-B2AD-9834B8FB1B90}.Debug|x64.ActiveCfg = Debug|Any CPU
		{75715B47-43E8-4F52-B2AD-9834B8FB1B90}.Debug|x64.Build.0 = Debug|Any CPU
		{75715B47-43E8-4F52-B2AD-9834B8FB1B90}.Debug|x86.ActiveCfg = Debug|Any CPU
		{75715B47-43E8-4F52-B2AD-9834B8FB1B90}.Debug|x86.Build.0 = Debug|Any CPU
		{75715B47-43E8-4F52-B2AD-9834B8FB1B90}.Release|Any CPU.ActiveCfg = Release|Any CPU
		{75715B47-43E8-4F52-B2AD-9834B8FB1B90}.Release|Any CPU.Build.0 = Release|Any CPU
		{75715B47-43E8-4F52-B2AD-9834B8FB1B90}.Release|ARM64.ActiveCfg = Release|Any CPU
		{75715B47-43E8-4F52-B2AD-9834B8FB1B90}.Release|ARM64.Build.0 = Release|Any CPU
		{75715B47-43E8-4F52-B2AD-9834B8FB1B90}.Release|x64.ActiveCfg = Release|Any CPU
		{75715B47-43E8-4F52-B2AD-9834B8FB1B90}.Release|x64.Build.0 = Release|Any CPU
		{75715B47-43E8-4F52-B2AD-9834B8FB1B90}.Release|x86.ActiveCfg = Release|Any CPU
		{75715B47-43E8-4F52-B2AD-9834B8FB1B90}.Release|x86.Build.0 = Release|Any CPU
		{F0E1CC9D-02CF-4635-8B36-04F82939F95F}.Debug|Any CPU.ActiveCfg = Debug|Any CPU
		{F0E1CC9D-02CF-4635-8B36-04F82939F95F}.Debug|Any CPU.Build.0 = Debug|Any CPU
		{F0E1CC9D-02CF-4635-8B36-04F82939F95F}.Debug|ARM64.ActiveCfg = Debug|Any CPU
		{F0E1CC9D-02CF-4635-8B36-04F82939F95F}.Debug|ARM64.Build.0 = Debug|Any CPU
		{F0E1CC9D-02CF-4635-8B36-04F82939F95F}.Debug|x64.ActiveCfg = Debug|Any CPU
		{F0E1CC9D-02CF-4635-8B36-04F82939F95F}.Debug|x64.Build.0 = Debug|Any CPU
		{F0E1CC9D-02CF-4635-8B36-04F82939F95F}.Debug|x86.ActiveCfg = Debug|Any CPU
		{F0E1CC9D-02CF-4635-8B36-04F82939F95F}.Debug|x86.Build.0 = Debug|Any CPU
		{F0E1CC9D-02CF-4635-8B36-04F82939F95F}.Release|Any CPU.ActiveCfg = Release|Any CPU
		{F0E1CC9D-02CF-4635-8B36-04F82939F95F}.Release|Any CPU.Build.0 = Release|Any CPU
		{F0E1CC9D-02CF-4635-8B36-04F82939F95F}.Release|ARM64.ActiveCfg = Release|Any CPU
		{F0E1CC9D-02CF-4635-8B36-04F82939F95F}.Release|ARM64.Build.0 = Release|Any CPU
		{F0E1CC9D-02CF-4635-8B36-04F82939F95F}.Release|x64.ActiveCfg = Release|Any CPU
		{F0E1CC9D-02CF-4635-8B36-04F82939F95F}.Release|x64.Build.0 = Release|Any CPU
		{F0E1CC9D-02CF-4635-8B36-04F82939F95F}.Release|x86.ActiveCfg = Release|Any CPU
		{F0E1CC9D-02CF-4635-8B36-04F82939F95F}.Release|x86.Build.0 = Release|Any CPU
		{72E54123-AF40-444D-95BB-3BE37DCB77E9}.Debug|Any CPU.ActiveCfg = Debug|Any CPU
		{72E54123-AF40-444D-95BB-3BE37DCB77E9}.Debug|Any CPU.Build.0 = Debug|Any CPU
		{72E54123-AF40-444D-95BB-3BE37DCB77E9}.Debug|ARM64.ActiveCfg = Debug|Any CPU
		{72E54123-AF40-444D-95BB-3BE37DCB77E9}.Debug|ARM64.Build.0 = Debug|Any CPU
		{72E54123-AF40-444D-95BB-3BE37DCB77E9}.Debug|x64.ActiveCfg = Debug|Any CPU
		{72E54123-AF40-444D-95BB-3BE37DCB77E9}.Debug|x64.Build.0 = Debug|Any CPU
		{72E54123-AF40-444D-95BB-3BE37DCB77E9}.Debug|x86.ActiveCfg = Debug|Any CPU
		{72E54123-AF40-444D-95BB-3BE37DCB77E9}.Debug|x86.Build.0 = Debug|Any CPU
		{72E54123-AF40-444D-95BB-3BE37DCB77E9}.Release|Any CPU.ActiveCfg = Release|Any CPU
		{72E54123-AF40-444D-95BB-3BE37DCB77E9}.Release|Any CPU.Build.0 = Release|Any CPU
		{72E54123-AF40-444D-95BB-3BE37DCB77E9}.Release|ARM64.ActiveCfg = Release|Any CPU
		{72E54123-AF40-444D-95BB-3BE37DCB77E9}.Release|ARM64.Build.0 = Release|Any CPU
		{72E54123-AF40-444D-95BB-3BE37DCB77E9}.Release|x64.ActiveCfg = Release|Any CPU
		{72E54123-AF40-444D-95BB-3BE37DCB77E9}.Release|x64.Build.0 = Release|Any CPU
		{72E54123-AF40-444D-95BB-3BE37DCB77E9}.Release|x86.ActiveCfg = Release|Any CPU
		{72E54123-AF40-444D-95BB-3BE37DCB77E9}.Release|x86.Build.0 = Release|Any CPU
		{CBD0D7A5-7BBC-44A0-A8D4-40AD3AB46AAE}.Debug|Any CPU.ActiveCfg = Debug|Any CPU
		{CBD0D7A5-7BBC-44A0-A8D4-40AD3AB46AAE}.Debug|ARM64.ActiveCfg = Debug|Any CPU
		{CBD0D7A5-7BBC-44A0-A8D4-40AD3AB46AAE}.Debug|x64.ActiveCfg = Debug|Any CPU
		{CBD0D7A5-7BBC-44A0-A8D4-40AD3AB46AAE}.Debug|x86.ActiveCfg = Debug|Any CPU
		{CBD0D7A5-7BBC-44A0-A8D4-40AD3AB46AAE}.Release|Any CPU.ActiveCfg = Release|Any CPU
		{CBD0D7A5-7BBC-44A0-A8D4-40AD3AB46AAE}.Release|ARM64.ActiveCfg = Release|Any CPU
		{CBD0D7A5-7BBC-44A0-A8D4-40AD3AB46AAE}.Release|x64.ActiveCfg = Release|Any CPU
		{CBD0D7A5-7BBC-44A0-A8D4-40AD3AB46AAE}.Release|x86.ActiveCfg = Release|Any CPU
		{6955A9FD-CD24-4F3B-981E-69A6594134CC}.Debug|Any CPU.ActiveCfg = Debug|Any CPU
		{6955A9FD-CD24-4F3B-981E-69A6594134CC}.Debug|Any CPU.Build.0 = Debug|Any CPU
		{6955A9FD-CD24-4F3B-981E-69A6594134CC}.Debug|ARM64.ActiveCfg = Debug|Any CPU
		{6955A9FD-CD24-4F3B-981E-69A6594134CC}.Debug|ARM64.Build.0 = Debug|Any CPU
		{6955A9FD-CD24-4F3B-981E-69A6594134CC}.Debug|x64.ActiveCfg = Debug|Any CPU
		{6955A9FD-CD24-4F3B-981E-69A6594134CC}.Debug|x64.Build.0 = Debug|Any CPU
		{6955A9FD-CD24-4F3B-981E-69A6594134CC}.Debug|x86.ActiveCfg = Debug|Any CPU
		{6955A9FD-CD24-4F3B-981E-69A6594134CC}.Debug|x86.Build.0 = Debug|Any CPU
		{6955A9FD-CD24-4F3B-981E-69A6594134CC}.Release|Any CPU.ActiveCfg = Release|Any CPU
		{6955A9FD-CD24-4F3B-981E-69A6594134CC}.Release|Any CPU.Build.0 = Release|Any CPU
		{6955A9FD-CD24-4F3B-981E-69A6594134CC}.Release|ARM64.ActiveCfg = Release|Any CPU
		{6955A9FD-CD24-4F3B-981E-69A6594134CC}.Release|ARM64.Build.0 = Release|Any CPU
		{6955A9FD-CD24-4F3B-981E-69A6594134CC}.Release|x64.ActiveCfg = Release|Any CPU
		{6955A9FD-CD24-4F3B-981E-69A6594134CC}.Release|x64.Build.0 = Release|Any CPU
		{6955A9FD-CD24-4F3B-981E-69A6594134CC}.Release|x86.ActiveCfg = Release|Any CPU
		{6955A9FD-CD24-4F3B-981E-69A6594134CC}.Release|x86.Build.0 = Release|Any CPU
		{ADEB4053-D6B3-477B-840A-6921E97DA12F}.Debug|Any CPU.ActiveCfg = Debug|Any CPU
		{ADEB4053-D6B3-477B-840A-6921E97DA12F}.Debug|Any CPU.Build.0 = Debug|Any CPU
		{ADEB4053-D6B3-477B-840A-6921E97DA12F}.Debug|ARM64.ActiveCfg = Debug|Any CPU
		{ADEB4053-D6B3-477B-840A-6921E97DA12F}.Debug|ARM64.Build.0 = Debug|Any CPU
		{ADEB4053-D6B3-477B-840A-6921E97DA12F}.Debug|x64.ActiveCfg = Debug|Any CPU
		{ADEB4053-D6B3-477B-840A-6921E97DA12F}.Debug|x64.Build.0 = Debug|Any CPU
		{ADEB4053-D6B3-477B-840A-6921E97DA12F}.Debug|x86.ActiveCfg = Debug|Any CPU
		{ADEB4053-D6B3-477B-840A-6921E97DA12F}.Debug|x86.Build.0 = Debug|Any CPU
		{ADEB4053-D6B3-477B-840A-6921E97DA12F}.Release|Any CPU.ActiveCfg = Release|Any CPU
		{ADEB4053-D6B3-477B-840A-6921E97DA12F}.Release|Any CPU.Build.0 = Release|Any CPU
		{ADEB4053-D6B3-477B-840A-6921E97DA12F}.Release|ARM64.ActiveCfg = Release|Any CPU
		{ADEB4053-D6B3-477B-840A-6921E97DA12F}.Release|ARM64.Build.0 = Release|Any CPU
		{ADEB4053-D6B3-477B-840A-6921E97DA12F}.Release|x64.ActiveCfg = Release|Any CPU
		{ADEB4053-D6B3-477B-840A-6921E97DA12F}.Release|x64.Build.0 = Release|Any CPU
		{ADEB4053-D6B3-477B-840A-6921E97DA12F}.Release|x86.ActiveCfg = Release|Any CPU
		{ADEB4053-D6B3-477B-840A-6921E97DA12F}.Release|x86.Build.0 = Release|Any CPU
		{98428EAA-076F-478B-9D68-029800DDEED1}.Debug|Any CPU.ActiveCfg = Debug|Any CPU
		{98428EAA-076F-478B-9D68-029800DDEED1}.Debug|Any CPU.Build.0 = Debug|Any CPU
		{98428EAA-076F-478B-9D68-029800DDEED1}.Debug|ARM64.ActiveCfg = Debug|Any CPU
		{98428EAA-076F-478B-9D68-029800DDEED1}.Debug|ARM64.Build.0 = Debug|Any CPU
		{98428EAA-076F-478B-9D68-029800DDEED1}.Debug|x64.ActiveCfg = Debug|Any CPU
		{98428EAA-076F-478B-9D68-029800DDEED1}.Debug|x64.Build.0 = Debug|Any CPU
		{98428EAA-076F-478B-9D68-029800DDEED1}.Debug|x86.ActiveCfg = Debug|Any CPU
		{98428EAA-076F-478B-9D68-029800DDEED1}.Debug|x86.Build.0 = Debug|Any CPU
		{98428EAA-076F-478B-9D68-029800DDEED1}.Release|Any CPU.ActiveCfg = Release|Any CPU
		{98428EAA-076F-478B-9D68-029800DDEED1}.Release|Any CPU.Build.0 = Release|Any CPU
		{98428EAA-076F-478B-9D68-029800DDEED1}.Release|ARM64.ActiveCfg = Release|Any CPU
		{98428EAA-076F-478B-9D68-029800DDEED1}.Release|ARM64.Build.0 = Release|Any CPU
		{98428EAA-076F-478B-9D68-029800DDEED1}.Release|x64.ActiveCfg = Release|Any CPU
		{98428EAA-076F-478B-9D68-029800DDEED1}.Release|x64.Build.0 = Release|Any CPU
		{98428EAA-076F-478B-9D68-029800DDEED1}.Release|x86.ActiveCfg = Release|Any CPU
		{98428EAA-076F-478B-9D68-029800DDEED1}.Release|x86.Build.0 = Release|Any CPU
		{22ECBD43-6FD7-45B8-A99A-A2D7ADFEC3F8}.Debug|Any CPU.ActiveCfg = Debug|Any CPU
		{22ECBD43-6FD7-45B8-A99A-A2D7ADFEC3F8}.Debug|Any CPU.Build.0 = Debug|Any CPU
		{22ECBD43-6FD7-45B8-A99A-A2D7ADFEC3F8}.Debug|ARM64.ActiveCfg = Debug|Any CPU
		{22ECBD43-6FD7-45B8-A99A-A2D7ADFEC3F8}.Debug|ARM64.Build.0 = Debug|Any CPU
		{22ECBD43-6FD7-45B8-A99A-A2D7ADFEC3F8}.Debug|x64.ActiveCfg = Debug|Any CPU
		{22ECBD43-6FD7-45B8-A99A-A2D7ADFEC3F8}.Debug|x64.Build.0 = Debug|Any CPU
		{22ECBD43-6FD7-45B8-A99A-A2D7ADFEC3F8}.Debug|x86.ActiveCfg = Debug|Any CPU
		{22ECBD43-6FD7-45B8-A99A-A2D7ADFEC3F8}.Debug|x86.Build.0 = Debug|Any CPU
		{22ECBD43-6FD7-45B8-A99A-A2D7ADFEC3F8}.Release|Any CPU.ActiveCfg = Release|Any CPU
		{22ECBD43-6FD7-45B8-A99A-A2D7ADFEC3F8}.Release|Any CPU.Build.0 = Release|Any CPU
		{22ECBD43-6FD7-45B8-A99A-A2D7ADFEC3F8}.Release|ARM64.ActiveCfg = Release|Any CPU
		{22ECBD43-6FD7-45B8-A99A-A2D7ADFEC3F8}.Release|ARM64.Build.0 = Release|Any CPU
		{22ECBD43-6FD7-45B8-A99A-A2D7ADFEC3F8}.Release|x64.ActiveCfg = Release|Any CPU
		{22ECBD43-6FD7-45B8-A99A-A2D7ADFEC3F8}.Release|x64.Build.0 = Release|Any CPU
		{22ECBD43-6FD7-45B8-A99A-A2D7ADFEC3F8}.Release|x86.ActiveCfg = Release|Any CPU
		{22ECBD43-6FD7-45B8-A99A-A2D7ADFEC3F8}.Release|x86.Build.0 = Release|Any CPU
		{A27FE3CF-7F95-44F7-B7BD-C3DDFA0060BC}.Debug|Any CPU.ActiveCfg = Debug|Any CPU
		{A27FE3CF-7F95-44F7-B7BD-C3DDFA0060BC}.Debug|Any CPU.Build.0 = Debug|Any CPU
		{A27FE3CF-7F95-44F7-B7BD-C3DDFA0060BC}.Debug|ARM64.ActiveCfg = Debug|Any CPU
		{A27FE3CF-7F95-44F7-B7BD-C3DDFA0060BC}.Debug|ARM64.Build.0 = Debug|Any CPU
		{A27FE3CF-7F95-44F7-B7BD-C3DDFA0060BC}.Debug|x64.ActiveCfg = Debug|Any CPU
		{A27FE3CF-7F95-44F7-B7BD-C3DDFA0060BC}.Debug|x64.Build.0 = Debug|Any CPU
		{A27FE3CF-7F95-44F7-B7BD-C3DDFA0060BC}.Debug|x86.ActiveCfg = Debug|Any CPU
		{A27FE3CF-7F95-44F7-B7BD-C3DDFA0060BC}.Debug|x86.Build.0 = Debug|Any CPU
		{A27FE3CF-7F95-44F7-B7BD-C3DDFA0060BC}.Release|Any CPU.ActiveCfg = Release|Any CPU
		{A27FE3CF-7F95-44F7-B7BD-C3DDFA0060BC}.Release|Any CPU.Build.0 = Release|Any CPU
		{A27FE3CF-7F95-44F7-B7BD-C3DDFA0060BC}.Release|ARM64.ActiveCfg = Release|Any CPU
		{A27FE3CF-7F95-44F7-B7BD-C3DDFA0060BC}.Release|ARM64.Build.0 = Release|Any CPU
		{A27FE3CF-7F95-44F7-B7BD-C3DDFA0060BC}.Release|x64.ActiveCfg = Release|Any CPU
		{A27FE3CF-7F95-44F7-B7BD-C3DDFA0060BC}.Release|x64.Build.0 = Release|Any CPU
		{A27FE3CF-7F95-44F7-B7BD-C3DDFA0060BC}.Release|x86.ActiveCfg = Release|Any CPU
		{A27FE3CF-7F95-44F7-B7BD-C3DDFA0060BC}.Release|x86.Build.0 = Release|Any CPU
		{C0A66A5B-EBCF-40CA-949F-17C5C8C9871C}.Debug|Any CPU.ActiveCfg = Debug|Any CPU
		{C0A66A5B-EBCF-40CA-949F-17C5C8C9871C}.Debug|Any CPU.Build.0 = Debug|Any CPU
		{C0A66A5B-EBCF-40CA-949F-17C5C8C9871C}.Debug|ARM64.ActiveCfg = Debug|Any CPU
		{C0A66A5B-EBCF-40CA-949F-17C5C8C9871C}.Debug|ARM64.Build.0 = Debug|Any CPU
		{C0A66A5B-EBCF-40CA-949F-17C5C8C9871C}.Debug|x64.ActiveCfg = Debug|Any CPU
		{C0A66A5B-EBCF-40CA-949F-17C5C8C9871C}.Debug|x64.Build.0 = Debug|Any CPU
		{C0A66A5B-EBCF-40CA-949F-17C5C8C9871C}.Debug|x86.ActiveCfg = Debug|Any CPU
		{C0A66A5B-EBCF-40CA-949F-17C5C8C9871C}.Debug|x86.Build.0 = Debug|Any CPU
		{C0A66A5B-EBCF-40CA-949F-17C5C8C9871C}.Release|Any CPU.ActiveCfg = Release|Any CPU
		{C0A66A5B-EBCF-40CA-949F-17C5C8C9871C}.Release|Any CPU.Build.0 = Release|Any CPU
		{C0A66A5B-EBCF-40CA-949F-17C5C8C9871C}.Release|ARM64.ActiveCfg = Release|Any CPU
		{C0A66A5B-EBCF-40CA-949F-17C5C8C9871C}.Release|ARM64.Build.0 = Release|Any CPU
		{C0A66A5B-EBCF-40CA-949F-17C5C8C9871C}.Release|x64.ActiveCfg = Release|Any CPU
		{C0A66A5B-EBCF-40CA-949F-17C5C8C9871C}.Release|x64.Build.0 = Release|Any CPU
		{C0A66A5B-EBCF-40CA-949F-17C5C8C9871C}.Release|x86.ActiveCfg = Release|Any CPU
		{C0A66A5B-EBCF-40CA-949F-17C5C8C9871C}.Release|x86.Build.0 = Release|Any CPU
		{36734520-1B9D-441B-AA3F-C2328AFE5313}.Debug|Any CPU.ActiveCfg = Debug|Any CPU
		{36734520-1B9D-441B-AA3F-C2328AFE5313}.Debug|Any CPU.Build.0 = Debug|Any CPU
		{36734520-1B9D-441B-AA3F-C2328AFE5313}.Debug|ARM64.ActiveCfg = Debug|Any CPU
		{36734520-1B9D-441B-AA3F-C2328AFE5313}.Debug|ARM64.Build.0 = Debug|Any CPU
		{36734520-1B9D-441B-AA3F-C2328AFE5313}.Debug|x64.ActiveCfg = Debug|Any CPU
		{36734520-1B9D-441B-AA3F-C2328AFE5313}.Debug|x64.Build.0 = Debug|Any CPU
		{36734520-1B9D-441B-AA3F-C2328AFE5313}.Debug|x86.ActiveCfg = Debug|Any CPU
		{36734520-1B9D-441B-AA3F-C2328AFE5313}.Debug|x86.Build.0 = Debug|Any CPU
		{36734520-1B9D-441B-AA3F-C2328AFE5313}.Release|Any CPU.ActiveCfg = Release|Any CPU
		{36734520-1B9D-441B-AA3F-C2328AFE5313}.Release|Any CPU.Build.0 = Release|Any CPU
		{36734520-1B9D-441B-AA3F-C2328AFE5313}.Release|ARM64.ActiveCfg = Release|Any CPU
		{36734520-1B9D-441B-AA3F-C2328AFE5313}.Release|ARM64.Build.0 = Release|Any CPU
		{36734520-1B9D-441B-AA3F-C2328AFE5313}.Release|x64.ActiveCfg = Release|Any CPU
		{36734520-1B9D-441B-AA3F-C2328AFE5313}.Release|x64.Build.0 = Release|Any CPU
		{36734520-1B9D-441B-AA3F-C2328AFE5313}.Release|x86.ActiveCfg = Release|Any CPU
		{36734520-1B9D-441B-AA3F-C2328AFE5313}.Release|x86.Build.0 = Release|Any CPU
	EndGlobalSection
	GlobalSection(SolutionProperties) = preSolution
		HideSolutionNode = FALSE
	EndGlobalSection
	GlobalSection(ExtensibilityGlobals) = postSolution
		SolutionGuid = {5324A0A8-A9D0-4B00-BE69-AAD0FF86F7A9}
	EndGlobalSection
EndGlobal
